<?xml version="1.0" encoding="utf-8"?>
<Project ToolsVersion="4.0" xmlns="http://schemas.microsoft.com/developer/msbuild/2003">
  <ItemGroup>
    <Filter Include="Palm">
      <UniqueIdentifier>{CF988A7C-BBCF-8B0D-64BC-711050D2070F}</UniqueIdentifier>
    </Filter>
    <Filter Include="Palm\Events">
      <UniqueIdentifier>{D36560A8-3F1B-D99D-C80F-D37434C4CFA1}</UniqueIdentifier>
    </Filter>
  </ItemGroup>
  <ItemGroup>
    <ClInclude Include="src\Palm.h" />
    <ClInclude Include="src\Palm\Application.h">
      <Filter>Palm</Filter>
    </ClInclude>
    <ClInclude Include="src\Palm\Core.h">
      <Filter>Palm</Filter>
    </ClInclude>
    <ClInclude Include="src\Palm\EntryPoint.h">
      <Filter>Palm</Filter>
    </ClInclude>
    <ClInclude Include="src\Palm\Events\ApplicationEvent.h">
      <Filter>Palm\Events</Filter>
    </ClInclude>
    <ClInclude Include="src\Palm\Events\Event.h">
      <Filter>Palm\Events</Filter>
    </ClInclude>
    <ClInclude Include="src\Palm\Events\KeyEvent.h">
      <Filter>Palm\Events</Filter>
    </ClInclude>
    <ClInclude Include="src\Palm\Events\MouseEvent.h">
      <Filter>Palm\Events</Filter>
    </ClInclude>
    <ClInclude Include="src\Palm\Log.h">
      <Filter>Palm</Filter>
    </ClInclude>
    <ClInclude Include="src\pmcph.h" />
  </ItemGroup>
  <ItemGroup>
    <ClCompile Include="src\Palm\Application.cpp">
      <Filter>Palm</Filter>
    </ClCompile>
    <ClCompile Include="src\Palm\Log.cpp">
      <Filter>Palm</Filter>
    </ClCompile>
    <ClCompile Include="src\pmcph.cpp" />
  </ItemGroup>
</Project>